// !$*UTF8*$!
{
	archiveVersion = 1;
	classes = {
	};
	objectVersion = 46;
	objects = {

/* Begin PBXBuildFile section */
		5E2320F01A97FB3700F2EC78 /* AppDelegate.swift in Sources */ = {isa = PBXBuildFile; fileRef = 5E2320EF1A97FB3700F2EC78 /* AppDelegate.swift */; };
		5E2320F21A97FB3700F2EC78 /* ViewController.swift in Sources */ = {isa = PBXBuildFile; fileRef = 5E2320F11A97FB3700F2EC78 /* ViewController.swift */; };
		5E2320F51A97FB3700F2EC78 /* Main.storyboard in Resources */ = {isa = PBXBuildFile; fileRef = 5E2320F31A97FB3700F2EC78 /* Main.storyboard */; };
		5E2320F71A97FB3700F2EC78 /* Images.xcassets in Resources */ = {isa = PBXBuildFile; fileRef = 5E2320F61A97FB3700F2EC78 /* Images.xcassets */; };
		5E2320FA1A97FB3700F2EC78 /* LaunchScreen.xib in Resources */ = {isa = PBXBuildFile; fileRef = 5E2320F81A97FB3700F2EC78 /* LaunchScreen.xib */; };
		5E2321061A97FB3700F2EC78 /* YouTubeParseTests.swift in Sources */ = {isa = PBXBuildFile; fileRef = 5E2321051A97FB3700F2EC78 /* YouTubeParseTests.swift */; };
		5E2321101A97FBA700F2EC78 /* YoutubeDataViewController.swift in Sources */ = {isa = PBXBuildFile; fileRef = 5E23210F1A97FBA700F2EC78 /* YoutubeDataViewController.swift */; };
		5E2321141A97FEA900F2EC78 /* AsyncImageView.m in Sources */ = {isa = PBXBuildFile; fileRef = 5E2321131A97FEA900F2EC78 /* AsyncImageView.m */; };
/* End PBXBuildFile section */

/* Begin PBXContainerItemProxy section */
		5E2321001A97FB3700F2EC78 /* PBXContainerItemProxy */ = {
			isa = PBXContainerItemProxy;
			containerPortal = 5E2320E21A97FB3700F2EC78 /* Project object */;
			proxyType = 1;
			remoteGlobalIDString = 5E2320E91A97FB3700F2EC78;
			remoteInfo = YouTubeParse;
		};
/* End PBXContainerItemProxy section */

/* Begin PBXFileReference section */
		5E2320EA1A97FB3700F2EC78 /* YouTubeParse.app */ = {isa = PBXFileReference; explicitFileType = wrapper.application; includeInIndex = 0; path = YouTubeParse.app; sourceTree = BUILT_PRODUCTS_DIR; };
		5E2320EE1A97FB3700F2EC78 /* Info.plist */ = {isa = PBXFileReference; lastKnownFileType = text.plist.xml; path = Info.plist; sourceTree = "<group>"; };
		5E2320EF1A97FB3700F2EC78 /* AppDelegate.swift */ = {isa = PBXFileReference; lastKnownFileType = sourcecode.swift; path = AppDelegate.swift; sourceTree = "<group>"; };
		5E2320F11A97FB3700F2EC78 /* ViewController.swift */ = {isa = PBXFileReference; lastKnownFileType = sourcecode.swift; path = ViewController.swift; sourceTree = "<group>"; };
		5E2320F41A97FB3700F2EC78 /* Base */ = {isa = PBXFileReference; lastKnownFileType = file.storyboard; name = Base; path = Base.lproj/Main.storyboard; sourceTree = "<group>"; };
		5E2320F61A97FB3700F2EC78 /* Images.xcassets */ = {isa = PBXFileReference; lastKnownFileType = folder.assetcatalog; path = Images.xcassets; sourceTree = "<group>"; };
		5E2320F91A97FB3700F2EC78 /* Base */ = {isa = PBXFileReference; lastKnownFileType = file.xib; name = Base; path = Base.lproj/LaunchScreen.xib; sourceTree = "<group>"; };
		5E2320FF1A97FB3700F2EC78 /* YouTubeParseTests.xctest */ = {isa = PBXFileReference; explicitFileType = wrapper.cfbundle; includeInIndex = 0; path = YouTubeParseTests.xctest; sourceTree = BUILT_PRODUCTS_DIR; };
		5E2321041A97FB3700F2EC78 /* Info.plist */ = {isa = PBXFileReference; lastKnownFileType = text.plist.xml; path = Info.plist; sourceTree = "<group>"; };
		5E2321051A97FB3700F2EC78 /* YouTubeParseTests.swift */ = {isa = PBXFileReference; lastKnownFileType = sourcecode.swift; path = YouTubeParseTests.swift; sourceTree = "<group>"; };
		5E23210F1A97FBA700F2EC78 /* YoutubeDataViewController.swift */ = {isa = PBXFileReference; fileEncoding = 4; lastKnownFileType = sourcecode.swift; path = YoutubeDataViewController.swift; sourceTree = "<group>"; };
		5E2321121A97FEA900F2EC78 /* AsyncImageView.h */ = {isa = PBXFileReference; fileEncoding = 4; lastKnownFileType = sourcecode.c.h; path = AsyncImageView.h; sourceTree = "<group>"; };
		5E2321131A97FEA900F2EC78 /* AsyncImageView.m */ = {isa = PBXFileReference; fileEncoding = 4; lastKnownFileType = sourcecode.c.objc; path = AsyncImageView.m; sourceTree = "<group>"; };
		5E2321151A97FEC400F2EC78 /* YoutubeParse-Bridging-Header.h */ = {isa = PBXFileReference; fileEncoding = 4; lastKnownFileType = sourcecode.c.h; name = "YoutubeParse-Bridging-Header.h"; path = "YouTubeParse/YoutubeParse-Bridging-Header.h"; sourceTree = SOURCE_ROOT; };
/* End PBXFileReference section */

/* Begin PBXFrameworksBuildPhase section */
		5E2320E71A97FB3700F2EC78 /* Frameworks */ = {
			isa = PBXFrameworksBuildPhase;
			buildActionMask = 2147483647;
			files = (
			);
			runOnlyForDeploymentPostprocessing = 0;
		};
		5E2320FC1A97FB3700F2EC78 /* Frameworks */ = {
			isa = PBXFrameworksBuildPhase;
			buildActionMask = 2147483647;
			files = (
			);
			runOnlyForDeploymentPostprocessing = 0;
		};
/* End PBXFrameworksBuildPhase section */

/* Begin PBXGroup section */
		5E2320E11A97FB3700F2EC78 = {
			isa = PBXGroup;
			children = (
				5E2320EC1A97FB3700F2EC78 /* YouTubeParse */,
				5E2321021A97FB3700F2EC78 /* YouTubeParseTests */,
				5E2320EB1A97FB3700F2EC78 /* Products */,
			);
			sourceTree = "<group>";
		};
		5E2320EB1A97FB3700F2EC78 /* Products */ = {
			isa = PBXGroup;
			children = (
				5E2320EA1A97FB3700F2EC78 /* YouTubeParse.app */,
				5E2320FF1A97FB3700F2EC78 /* YouTubeParseTests.xctest */,
			);
			name = Products;
			sourceTree = "<group>";
		};
		5E2320EC1A97FB3700F2EC78 /* YouTubeParse */ = {
			isa = PBXGroup;
			children = (
				5E2321151A97FEC400F2EC78 /* YoutubeParse-Bridging-Header.h */,
				5E2321111A97FEA900F2EC78 /* AsyncImageView */,
				5E2320EF1A97FB3700F2EC78 /* AppDelegate.swift */,
				5E2320F11A97FB3700F2EC78 /* ViewController.swift */,
				5E2320F31A97FB3700F2EC78 /* Main.storyboard */,
				5E23210F1A97FBA700F2EC78 /* YoutubeDataViewController.swift */,
				5E2320F61A97FB3700F2EC78 /* Images.xcassets */,
				5E2320F81A97FB3700F2EC78 /* LaunchScreen.xib */,
				5E2320ED1A97FB3700F2EC78 /* Supporting Files */,
			);
			path = YouTubeParse;
			sourceTree = "<group>";
		};
		5E2320ED1A97FB3700F2EC78 /* Supporting Files */ = {
			isa = PBXGroup;
			children = (
				5E2320EE1A97FB3700F2EC78 /* Info.plist */,
			);
			name = "Supporting Files";
			sourceTree = "<group>";
		};
		5E2321021A97FB3700F2EC78 /* YouTubeParseTests */ = {
			isa = PBXGroup;
			children = (
				5E2321051A97FB3700F2EC78 /* YouTubeParseTests.swift */,
				5E2321031A97FB3700F2EC78 /* Supporting Files */,
			);
			path = YouTubeParseTests;
			sourceTree = "<group>";
		};
		5E2321031A97FB3700F2EC78 /* Supporting Files */ = {
			isa = PBXGroup;
			children = (
				5E2321041A97FB3700F2EC78 /* Info.plist */,
			);
			name = "Supporting Files";
			sourceTree = "<group>";
		};
		5E2321111A97FEA900F2EC78 /* AsyncImageView */ = {
			isa = PBXGroup;
			children = (
				5E2321121A97FEA900F2EC78 /* AsyncImageView.h */,
				5E2321131A97FEA900F2EC78 /* AsyncImageView.m */,
			);
			path = AsyncImageView;
			sourceTree = "<group>";
		};
/* End PBXGroup section */

/* Begin PBXNativeTarget section */
		5E2320E91A97FB3700F2EC78 /* YouTubeParse */ = {
			isa = PBXNativeTarget;
			buildConfigurationList = 5E2321091A97FB3700F2EC78 /* Build configuration list for PBXNativeTarget "YouTubeParse" */;
			buildPhases = (
				5E2320E61A97FB3700F2EC78 /* Sources */,
				5E2320E71A97FB3700F2EC78 /* Frameworks */,
				5E2320E81A97FB3700F2EC78 /* Resources */,
			);
			buildRules = (
			);
			dependencies = (
			);
			name = YouTubeParse;
			productName = YouTubeParse;
			productReference = 5E2320EA1A97FB3700F2EC78 /* YouTubeParse.app */;
			productType = "com.apple.product-type.application";
		};
		5E2320FE1A97FB3700F2EC78 /* YouTubeParseTests */ = {
			isa = PBXNativeTarget;
			buildConfigurationList = 5E23210C1A97FB3700F2EC78 /* Build configuration list for PBXNativeTarget "YouTubeParseTests" */;
			buildPhases = (
				5E2320FB1A97FB3700F2EC78 /* Sources */,
				5E2320FC1A97FB3700F2EC78 /* Frameworks */,
				5E2320FD1A97FB3700F2EC78 /* Resources */,
			);
			buildRules = (
			);
			dependencies = (
				5E2321011A97FB3700F2EC78 /* PBXTargetDependency */,
			);
			name = YouTubeParseTests;
			productName = YouTubeParseTests;
			productReference = 5E2320FF1A97FB3700F2EC78 /* YouTubeParseTests.xctest */;
			productType = "com.apple.product-type.bundle.unit-test";
		};
/* End PBXNativeTarget section */

/* Begin PBXProject section */
		5E2320E21A97FB3700F2EC78 /* Project object */ = {
			isa = PBXProject;
			attributes = {
				LastUpgradeCheck = 0610;
				ORGANIZATIONNAME = "Purdue iOS Dev Club";
				TargetAttributes = {
					5E2320E91A97FB3700F2EC78 = {
						CreatedOnToolsVersion = 6.1.1;
					};
					5E2320FE1A97FB3700F2EC78 = {
						CreatedOnToolsVersion = 6.1.1;
						TestTargetID = 5E2320E91A97FB3700F2EC78;
					};
				};
			};
			buildConfigurationList = 5E2320E51A97FB3700F2EC78 /* Build configuration list for PBXProject "YouTubeParse" */;
			compatibilityVersion = "Xcode 3.2";
			developmentRegion = English;
			hasScannedForEncodings = 0;
			knownRegions = (
				en,
				Base,
			);
			mainGroup = 5E2320E11A97FB3700F2EC78;
			productRefGroup = 5E2320EB1A97FB3700F2EC78 /* Products */;
			projectDirPath = "";
			projectRoot = "";
			targets = (
				5E2320E91A97FB3700F2EC78 /* YouTubeParse */,
				5E2320FE1A97FB3700F2EC78 /* YouTubeParseTests */,
			);
		};
/* End PBXProject section */

/* Begin PBXResourcesBuildPhase section */
		5E2320E81A97FB3700F2EC78 /* Resources */ = {
			isa = PBXResourcesBuildPhase;
			buildActionMask = 2147483647;
			files = (
				5E2320F51A97FB3700F2EC78 /* Main.storyboard in Resources */,
				5E2320FA1A97FB3700F2EC78 /* LaunchScreen.xib in Resources */,
				5E2320F71A97FB3700F2EC78 /* Images.xcassets in Resources */,
			);
			runOnlyForDeploymentPostprocessing = 0;
		};
		5E2320FD1A97FB3700F2EC78 /* Resources */ = {
			isa = PBXResourcesBuildPhase;
			buildActionMask = 2147483647;
			files = (
			);
			runOnlyForDeploymentPostprocessing = 0;
		};
/* End PBXResourcesBuildPhase section */

/* Begin PBXSourcesBuildPhase section */
		5E2320E61A97FB3700F2EC78 /* Sources */ = {
			isa = PBXSourcesBuildPhase;
			buildActionMask = 2147483647;
			files = (
				5E2320F21A97FB3700F2EC78 /* ViewController.swift in Sources */,
				5E2321101A97FBA700F2EC78 /* YoutubeDataViewController.swift in Sources */,
				5E2320F01A97FB3700F2EC78 /* AppDelegate.swift in Sources */,
				5E2321141A97FEA900F2EC78 /* AsyncImageView.m in Sources */,
			);
			runOnlyForDeploymentPostprocessing = 0;
		};
		5E2320FB1A97FB3700F2EC78 /* Sources */ = {
			isa = PBXSourcesBuildPhase;
			buildActionMask = 2147483647;
			files = (
				5E2321061A97FB3700F2EC78 /* YouTubeParseTests.swift in Sources */,
			);
			runOnlyForDeploymentPostprocessing = 0;
		};
/* End PBXSourcesBuildPhase section */

/* Begin PBXTargetDependency section */
		5E2321011A97FB3700F2EC78 /* PBXTargetDependency */ = {
			isa = PBXTargetDependency;
			target = 5E2320E91A97FB3700F2EC78 /* YouTubeParse */;
			targetProxy = 5E2321001A97FB3700F2EC78 /* PBXContainerItemProxy */;
		};
/* End PBXTargetDependency section */

/* Begin PBXVariantGroup section */
		5E2320F31A97FB3700F2EC78 /* Main.storyboard */ = {
			isa = PBXVariantGroup;
			children = (
				5E2320F41A97FB3700F2EC78 /* Base */,
			);
			name = Main.storyboard;
			sourceTree = "<group>";
		};
		5E2320F81A97FB3700F2EC78 /* LaunchScreen.xib */ = {
			isa = PBXVariantGroup;
			children = (
				5E2320F91A97FB3700F2EC78 /* Base */,
			);
			name = LaunchScreen.xib;
			sourceTree = "<group>";
		};
/* End PBXVariantGroup section */

/* Begin XCBuildConfiguration section */
		5E2321071A97FB3700F2EC78 /* Debug */ = {
			isa = XCBuildConfiguration;
			buildSettings = {
				ALWAYS_SEARCH_USER_PATHS = NO;
				CLANG_CXX_LANGUAGE_STANDARD = "gnu++0x";
				CLANG_CXX_LIBRARY = "libc++";
				CLANG_ENABLE_MODULES = YES;
				CLANG_ENABLE_OBJC_ARC = YES;
				CLANG_WARN_BOOL_CONVERSION = YES;
				CLANG_WARN_CONSTANT_CONVERSION = YES;
				CLANG_WARN_DIRECT_OBJC_ISA_USAGE = YES_ERROR;
				CLANG_WARN_EMPTY_BODY = YES;
				CLANG_WARN_ENUM_CONVERSION = YES;
				CLANG_WARN_INT_CONVERSION = YES;
				CLANG_WARN_OBJC_ROOT_CLASS = YES_ERROR;
				CLANG_WARN_UNREACHABLE_CODE = YES;
				CLANG_WARN__DUPLICATE_METHOD_MATCH = YES;
				"CODE_SIGN_IDENTITY[sdk=iphoneos*]" = "iPhone Developer";
				COPY_PHASE_STRIP = NO;
				ENABLE_STRICT_OBJC_MSGSEND = YES;
				GCC_C_LANGUAGE_STANDARD = gnu99;
				GCC_DYNAMIC_NO_PIC = NO;
				GCC_OPTIMIZATION_LEVEL = 0;
				GCC_PREPROCESSOR_DEFINITIONS = (
					"DEBUG=1",
					"$(inherited)",
				);
				GCC_SYMBOLS_PRIVATE_EXTERN = NO;
				GCC_WARN_64_TO_32_BIT_CONVERSION = YES;
				GCC_WARN_ABOUT_RETURN_TYPE = YES_ERROR;
				GCC_WARN_UNDECLARED_SELECTOR = YES;
				GCC_WARN_UNINITIALIZED_AUTOS = YES_AGGRESSIVE;
				GCC_WARN_UNUSED_FUNCTION = YES;
				GCC_WARN_UNUSED_VARIABLE = YES;
				IPHONEOS_DEPLOYMENT_TARGET = 8.1;
				MTL_ENABLE_DEBUG_INFO = YES;
				ONLY_ACTIVE_ARCH = YES;
				SDKROOT = iphoneos;
				SWIFT_OPTIMIZATION_LEVEL = "-Onone";
			};
			name = Debug;
		};
		5E2321081A97FB3700F2EC78 /* Release */ = {
			isa = XCBuildConfiguration;
			buildSettings = {
				ALWAYS_SEARCH_USER_PATHS = NO;
				CLANG_CXX_LANGUAGE_STANDARD = "gnu++0x";
				CLANG_CXX_LIBRARY = "libc++";
				CLANG_ENABLE_MODULES = YES;
				CLANG_ENABLE_OBJC_ARC = YES;
				CLANG_WARN_BOOL_CONVERSION = YES;
				CLANG_WARN_CONSTANT_CONVERSION = YES;
				CLANG_WARN_DIRECT_OBJC_ISA_USAGE = YES_ERROR;
				CLANG_WARN_EMPTY_BODY = YES;
				CLANG_WARN_ENUM_CONVERSION = YES;
				CLANG_WARN_INT_CONVERSION = YES;
				CLANG_WARN_OBJC_ROOT_CLASS = YES_ERROR;
				CLANG_WARN_UNREACHABLE_CODE = YES;
				CLANG_WARN__DUPLICATE_METHOD_MATCH = YES;
				"CODE_SIGN_IDENTITY[sdk=iphoneos*]" = "iPhone Developer";
				COPY_PHASE_STRIP = YES;
				ENABLE_NS_ASSERTIONS = NO;
				ENABLE_STRICT_OBJC_MSGSEND = YES;
				GCC_C_LANGUAGE_STANDARD = gnu99;
				GCC_WARN_64_TO_32_BIT_CONVERSION = YES;
				GCC_WARN_ABOUT_RETURN_TYPE = YES_ERROR;
				GCC_WARN_UNDECLARED_SELECTOR = YES;
				GCC_WARN_UNINITIALIZED_AUTOS = YES_AGGRESSIVE;
				GCC_WARN_UNUSED_FUNCTION = YES;
				GCC_WARN_UNUSED_VARIABLE = YES;
				IPHONEOS_DEPLOYMENT_TARGET = 8.1;
				MTL_ENABLE_DEBUG_INFO = NO;
				SDKROOT = iphoneos;
				VALIDATE_PRODUCT = YES;
			};
			name = Release;
		};
		5E23210A1A97FB3700F2EC78 /* Debug */ = {
			isa = XCBuildConfiguration;
			buildSettings = {
				ASSETCATALOG_COMPILER_APPICON_NAME = AppIcon;
				INFOPLIST_FILE = YouTubeParse/Info.plist;
				LD_RUNPATH_SEARCH_PATHS = "$(inherited) @executable_path/Frameworks";
				PRODUCT_NAME = "$(TARGET_NAME)";
				SWIFT_OBJC_BRIDGING_HEADER = "YouTubeParse/YoutubeParse-Bridging-Header.h";
			};
			name = Debug;
		};
		5E23210B1A97FB3700F2EC78 /* Release */ = {
			isa = XCBuildConfiguration;
			buildSettings = {
				ASSETCATALOG_COMPILER_APPICON_NAME = AppIcon;
				INFOPLIST_FILE = YouTubeParse/Info.plist;
				LD_RUNPATH_SEARCH_PATHS = "$(inherited) @executable_path/Frameworks";
				PRODUCT_NAME = "$(TARGET_NAME)";
				SWIFT_OBJC_BRIDGING_HEADER = "YouTubeParse/YoutubeParse-Bridging-Header.h";
			};
			name = Release;
		};
		5E23210D1A97FB3700F2EC78 /* Debug */ = {
			isa = XCBuildConfiguration;
			buildSettings = {
				BUNDLE_LOADER = "$(TEST_HOST)";
				FRAMEWORK_SEARCH_PATHS = (
					"$(SDKROOT)/Developer/Library/Frameworks",
					"$(inherited)",
				);
				GCC_PREPROCESSOR_DEFINITIONS = (
					"DEBUG=1",
					"$(inherited)",
				);
				INFOPLIST_FILE = YouTubeParseTests/Info.plist;
				LD_RUNPATH_SEARCH_PATHS = "$(inherited) @executable_path/Frameworks @loader_path/Frameworks";
				PRODUCT_NAME = "$(TARGET_NAME)";
				TEST_HOST = "$(BUILT_PRODUCTS_DIR)/YouTubeParse.app/YouTubeParse";
			};
			name = Debug;
		};
		5E23210E1A97FB3700F2EC78 /* Release */ = {
			isa = XCBuildConfiguration;
			buildSettings = {
				BUNDLE_LOADER = "$(TEST_HOST)";
				FRAMEWORK_SEARCH_PATHS = (
					"$(SDKROOT)/Developer/Library/Frameworks",
					"$(inherited)",
				);
				INFOPLIST_FILE = YouTubeParseTests/Info.plist;
				LD_RUNPATH_SEARCH_PATHS = "$(inherited) @executable_path/Frameworks @loader_path/Frameworks";
				PRODUCT_NAME = "$(TARGET_NAME)";
				TEST_HOST = "$(BUILT_PRODUCTS_DIR)/YouTubeParse.app/YouTubeParse";
			};
			name = Release;
		};
/* End XCBuildConfiguration section */

/* Begin XCConfigurationList section */
		5E2320E51A97FB3700F2EC78 /* Build configuration list for PBXProject "YouTubeParse" */ = {
			isa = XCConfigurationList;
			buildConfigurations = (
				5E2321071A97FB3700F2EC78 /* Debug */,
				5E2321081A97FB3700F2EC78 /* Release */,
			);
			defaultConfigurationIsVisible = 0;
			defaultConfigurationName = Release;
		};
		5E2321091A97FB3700F2EC78 /* Build configuration list for PBXNativeTarget "YouTubeParse" */ = {
			isa = XCConfigurationList;
			buildConfigurations = (
				5E23210A1A97FB3700F2EC78 /* Debug */,
				5E23210B1A97FB3700F2EC78 /* Release */,
			);
			defaultConfigurationIsVisible = 0;
		};
		5E23210C1A97FB3700F2EC78 /* Build configuration list for PBXNativeTarget "YouTubeParseTests" */ = {
			isa = XCConfigurationList;
			buildConfigurations = (
				5E23210D1A97FB3700F2EC78 /* Debug */,
				5E23210E1A97FB3700F2EC78 /* Release */,
			);
			defaultConfigurationIsVisible = 0;
		};
/* End XCConfigurationList section */
	};
	rootObject = 5E2320E21A97FB3700F2EC78 /* Project object */;
}
