// !$*UTF8*$!
{
	archiveVersion = 1;
	classes = {
	};
	objectVersion = 46;
	objects = {

/* Begin PBXBuildFile section */
		5E0092DA1A79A8CD008E0B0A /* AppDelegate.swift in Sources */ = {isa = PBXBuildFile; fileRef = 5E0092D91A79A8CD008E0B0A /* AppDelegate.swift */; };
		5E0092DC1A79A8CD008E0B0A /* ViewController.swift in Sources */ = {isa = PBXBuildFile; fileRef = 5E0092DB1A79A8CD008E0B0A /* ViewController.swift */; };
		5E0092DF1A79A8CD008E0B0A /* Main.storyboard in Resources */ = {isa = PBXBuildFile; fileRef = 5E0092DD1A79A8CD008E0B0A /* Main.storyboard */; };
		5E0092E11A79A8CD008E0B0A /* Images.xcassets in Resources */ = {isa = PBXBuildFile; fileRef = 5E0092E01A79A8CD008E0B0A /* Images.xcassets */; };
		5E0092E41A79A8CD008E0B0A /* LaunchScreen.xib in Resources */ = {isa = PBXBuildFile; fileRef = 5E0092E21A79A8CD008E0B0A /* LaunchScreen.xib */; };
		5E0092F01A79A8CD008E0B0A /* CalculatorTests.swift in Sources */ = {isa = PBXBuildFile; fileRef = 5E0092EF1A79A8CD008E0B0A /* CalculatorTests.swift */; };
/* End PBXBuildFile section */

/* Begin PBXContainerItemProxy section */
		5E0092EA1A79A8CD008E0B0A /* PBXContainerItemProxy */ = {
			isa = PBXContainerItemProxy;
			containerPortal = 5E0092CC1A79A8CD008E0B0A /* Project object */;
			proxyType = 1;
			remoteGlobalIDString = 5E0092D31A79A8CD008E0B0A;
			remoteInfo = Calculator;
		};
/* End PBXContainerItemProxy section */

/* Begin PBXFileReference section */
		5E0092D41A79A8CD008E0B0A /* Calculator.app */ = {isa = PBXFileReference; explicitFileType = wrapper.application; includeInIndex = 0; path = Calculator.app; sourceTree = BUILT_PRODUCTS_DIR; };
		5E0092D81A79A8CD008E0B0A /* Info.plist */ = {isa = PBXFileReference; lastKnownFileType = text.plist.xml; path = Info.plist; sourceTree = "<group>"; };
		5E0092D91A79A8CD008E0B0A /* AppDelegate.swift */ = {isa = PBXFileReference; lastKnownFileType = sourcecode.swift; path = AppDelegate.swift; sourceTree = "<group>"; };
		5E0092DB1A79A8CD008E0B0A /* ViewController.swift */ = {isa = PBXFileReference; lastKnownFileType = sourcecode.swift; path = ViewController.swift; sourceTree = "<group>"; };
		5E0092DE1A79A8CD008E0B0A /* Base */ = {isa = PBXFileReference; lastKnownFileType = file.storyboard; name = Base; path = Base.lproj/Main.storyboard; sourceTree = "<group>"; };
		5E0092E01A79A8CD008E0B0A /* Images.xcassets */ = {isa = PBXFileReference; lastKnownFileType = folder.assetcatalog; path = Images.xcassets; sourceTree = "<group>"; };
		5E0092E31A79A8CD008E0B0A /* Base */ = {isa = PBXFileReference; lastKnownFileType = file.xib; name = Base; path = Base.lproj/LaunchScreen.xib; sourceTree = "<group>"; };
		5E0092E91A79A8CD008E0B0A /* CalculatorTests.xctest */ = {isa = PBXFileReference; explicitFileType = wrapper.cfbundle; includeInIndex = 0; path = CalculatorTests.xctest; sourceTree = BUILT_PRODUCTS_DIR; };
		5E0092EE1A79A8CD008E0B0A /* Info.plist */ = {isa = PBXFileReference; lastKnownFileType = text.plist.xml; path = Info.plist; sourceTree = "<group>"; };
		5E0092EF1A79A8CD008E0B0A /* CalculatorTests.swift */ = {isa = PBXFileReference; lastKnownFileType = sourcecode.swift; path = CalculatorTests.swift; sourceTree = "<group>"; };
/* End PBXFileReference section */

/* Begin PBXFrameworksBuildPhase section */
		5E0092D11A79A8CD008E0B0A /* Frameworks */ = {
			isa = PBXFrameworksBuildPhase;
			buildActionMask = 2147483647;
			files = (
			);
			runOnlyForDeploymentPostprocessing = 0;
		};
		5E0092E61A79A8CD008E0B0A /* Frameworks */ = {
			isa = PBXFrameworksBuildPhase;
			buildActionMask = 2147483647;
			files = (
			);
			runOnlyForDeploymentPostprocessing = 0;
		};
/* End PBXFrameworksBuildPhase section */

/* Begin PBXGroup section */
		5E0092CB1A79A8CD008E0B0A = {
			isa = PBXGroup;
			children = (
				5E0092D61A79A8CD008E0B0A /* Calculator */,
				5E0092EC1A79A8CD008E0B0A /* CalculatorTests */,
				5E0092D51A79A8CD008E0B0A /* Products */,
			);
			sourceTree = "<group>";
		};
		5E0092D51A79A8CD008E0B0A /* Products */ = {
			isa = PBXGroup;
			children = (
				5E0092D41A79A8CD008E0B0A /* Calculator.app */,
				5E0092E91A79A8CD008E0B0A /* CalculatorTests.xctest */,
			);
			name = Products;
			sourceTree = "<group>";
		};
		5E0092D61A79A8CD008E0B0A /* Calculator */ = {
			isa = PBXGroup;
			children = (
				5E0092D91A79A8CD008E0B0A /* AppDelegate.swift */,
				5E0092DB1A79A8CD008E0B0A /* ViewController.swift */,
				5E0092DD1A79A8CD008E0B0A /* Main.storyboard */,
				5E0092E01A79A8CD008E0B0A /* Images.xcassets */,
				5E0092E21A79A8CD008E0B0A /* LaunchScreen.xib */,
				5E0092D71A79A8CD008E0B0A /* Supporting Files */,
			);
			path = Calculator;
			sourceTree = "<group>";
		};
		5E0092D71A79A8CD008E0B0A /* Supporting Files */ = {
			isa = PBXGroup;
			children = (
				5E0092D81A79A8CD008E0B0A /* Info.plist */,
			);
			name = "Supporting Files";
			sourceTree = "<group>";
		};
		5E0092EC1A79A8CD008E0B0A /* CalculatorTests */ = {
			isa = PBXGroup;
			children = (
				5E0092EF1A79A8CD008E0B0A /* CalculatorTests.swift */,
				5E0092ED1A79A8CD008E0B0A /* Supporting Files */,
			);
			path = CalculatorTests;
			sourceTree = "<group>";
		};
		5E0092ED1A79A8CD008E0B0A /* Supporting Files */ = {
			isa = PBXGroup;
			children = (
				5E0092EE1A79A8CD008E0B0A /* Info.plist */,
			);
			name = "Supporting Files";
			sourceTree = "<group>";
		};
/* End PBXGroup section */

/* Begin PBXNativeTarget section */
		5E0092D31A79A8CD008E0B0A /* Calculator */ = {
			isa = PBXNativeTarget;
			buildConfigurationList = 5E0092F31A79A8CD008E0B0A /* Build configuration list for PBXNativeTarget "Calculator" */;
			buildPhases = (
				5E0092D01A79A8CD008E0B0A /* Sources */,
				5E0092D11A79A8CD008E0B0A /* Frameworks */,
				5E0092D21A79A8CD008E0B0A /* Resources */,
			);
			buildRules = (
			);
			dependencies = (
			);
			name = Calculator;
			productName = Calculator;
			productReference = 5E0092D41A79A8CD008E0B0A /* Calculator.app */;
			productType = "com.apple.product-type.application";
		};
		5E0092E81A79A8CD008E0B0A /* CalculatorTests */ = {
			isa = PBXNativeTarget;
			buildConfigurationList = 5E0092F61A79A8CD008E0B0A /* Build configuration list for PBXNativeTarget "CalculatorTests" */;
			buildPhases = (
				5E0092E51A79A8CD008E0B0A /* Sources */,
				5E0092E61A79A8CD008E0B0A /* Frameworks */,
				5E0092E71A79A8CD008E0B0A /* Resources */,
			);
			buildRules = (
			);
			dependencies = (
				5E0092EB1A79A8CD008E0B0A /* PBXTargetDependency */,
			);
			name = CalculatorTests;
			productName = CalculatorTests;
			productReference = 5E0092E91A79A8CD008E0B0A /* CalculatorTests.xctest */;
			productType = "com.apple.product-type.bundle.unit-test";
		};
/* End PBXNativeTarget section */

/* Begin PBXProject section */
		5E0092CC1A79A8CD008E0B0A /* Project object */ = {
			isa = PBXProject;
			attributes = {
				LastUpgradeCheck = 0610;
				ORGANIZATIONNAME = "Purdue iOS Dev Club";
				TargetAttributes = {
					5E0092D31A79A8CD008E0B0A = {
						CreatedOnToolsVersion = 6.1.1;
					};
					5E0092E81A79A8CD008E0B0A = {
						CreatedOnToolsVersion = 6.1.1;
						TestTargetID = 5E0092D31A79A8CD008E0B0A;
					};
				};
			};
			buildConfigurationList = 5E0092CF1A79A8CD008E0B0A /* Build configuration list for PBXProject "Calculator" */;
			compatibilityVersion = "Xcode 3.2";
			developmentRegion = English;
			hasScannedForEncodings = 0;
			knownRegions = (
				en,
				Base,
			);
			mainGroup = 5E0092CB1A79A8CD008E0B0A;
			productRefGroup = 5E0092D51A79A8CD008E0B0A /* Products */;
			projectDirPath = "";
			projectRoot = "";
			targets = (
				5E0092D31A79A8CD008E0B0A /* Calculator */,
				5E0092E81A79A8CD008E0B0A /* CalculatorTests */,
			);
		};
/* End PBXProject section */

/* Begin PBXResourcesBuildPhase section */
		5E0092D21A79A8CD008E0B0A /* Resources */ = {
			isa = PBXResourcesBuildPhase;
			buildActionMask = 2147483647;
			files = (
				5E0092DF1A79A8CD008E0B0A /* Main.storyboard in Resources */,
				5E0092E41A79A8CD008E0B0A /* LaunchScreen.xib in Resources */,
				5E0092E11A79A8CD008E0B0A /* Images.xcassets in Resources */,
			);
			runOnlyForDeploymentPostprocessing = 0;
		};
		5E0092E71A79A8CD008E0B0A /* Resources */ = {
			isa = PBXResourcesBuildPhase;
			buildActionMask = 2147483647;
			files = (
			);
			runOnlyForDeploymentPostprocessing = 0;
		};
/* End PBXResourcesBuildPhase section */

/* Begin PBXSourcesBuildPhase section */
		5E0092D01A79A8CD008E0B0A /* Sources */ = {
			isa = PBXSourcesBuildPhase;
			buildActionMask = 2147483647;
			files = (
				5E0092DC1A79A8CD008E0B0A /* ViewController.swift in Sources */,
				5E0092DA1A79A8CD008E0B0A /* AppDelegate.swift in Sources */,
			);
			runOnlyForDeploymentPostprocessing = 0;
		};
		5E0092E51A79A8CD008E0B0A /* Sources */ = {
			isa = PBXSourcesBuildPhase;
			buildActionMask = 2147483647;
			files = (
				5E0092F01A79A8CD008E0B0A /* CalculatorTests.swift in Sources */,
			);
			runOnlyForDeploymentPostprocessing = 0;
		};
/* End PBXSourcesBuildPhase section */

/* Begin PBXTargetDependency section */
		5E0092EB1A79A8CD008E0B0A /* PBXTargetDependency */ = {
			isa = PBXTargetDependency;
			target = 5E0092D31A79A8CD008E0B0A /* Calculator */;
			targetProxy = 5E0092EA1A79A8CD008E0B0A /* PBXContainerItemProxy */;
		};
/* End PBXTargetDependency section */

/* Begin PBXVariantGroup section */
		5E0092DD1A79A8CD008E0B0A /* Main.storyboard */ = {
			isa = PBXVariantGroup;
			children = (
				5E0092DE1A79A8CD008E0B0A /* Base */,
			);
			name = Main.storyboard;
			sourceTree = "<group>";
		};
		5E0092E21A79A8CD008E0B0A /* LaunchScreen.xib */ = {
			isa = PBXVariantGroup;
			children = (
				5E0092E31A79A8CD008E0B0A /* Base */,
			);
			name = LaunchScreen.xib;
			sourceTree = "<group>";
		};
/* End PBXVariantGroup section */

/* Begin XCBuildConfiguration section */
		5E0092F11A79A8CD008E0B0A /* Debug */ = {
			isa = XCBuildConfiguration;
			buildSettings = {
				ALWAYS_SEARCH_USER_PATHS = NO;
				CLANG_CXX_LANGUAGE_STANDARD = "gnu++0x";
				CLANG_CXX_LIBRARY = "libc++";
				CLANG_ENABLE_MODULES = YES;
				CLANG_ENABLE_OBJC_ARC = YES;
				CLANG_WARN_BOOL_CONVERSION = YES;
				CLANG_WARN_CONSTANT_CONVERSION = YES;
				CLANG_WARN_DIRECT_OBJC_ISA_USAGE = YES_ERROR;
				CLANG_WARN_EMPTY_BODY = YES;
				CLANG_WARN_ENUM_CONVERSION = YES;
				CLANG_WARN_INT_CONVERSION = YES;
				CLANG_WARN_OBJC_ROOT_CLASS = YES_ERROR;
				CLANG_WARN_UNREACHABLE_CODE = YES;
				CLANG_WARN__DUPLICATE_METHOD_MATCH = YES;
				"CODE_SIGN_IDENTITY[sdk=iphoneos*]" = "iPhone Developer";
				COPY_PHASE_STRIP = NO;
				ENABLE_STRICT_OBJC_MSGSEND = YES;
				GCC_C_LANGUAGE_STANDARD = gnu99;
				GCC_DYNAMIC_NO_PIC = NO;
				GCC_OPTIMIZATION_LEVEL = 0;
				GCC_PREPROCESSOR_DEFINITIONS = (
					"DEBUG=1",
					"$(inherited)",
				);
				GCC_SYMBOLS_PRIVATE_EXTERN = NO;
				GCC_WARN_64_TO_32_BIT_CONVERSION = YES;
				GCC_WARN_ABOUT_RETURN_TYPE = YES_ERROR;
				GCC_WARN_UNDECLARED_SELECTOR = YES;
				GCC_WARN_UNINITIALIZED_AUTOS = YES_AGGRESSIVE;
				GCC_WARN_UNUSED_FUNCTION = YES;
				GCC_WARN_UNUSED_VARIABLE = YES;
				IPHONEOS_DEPLOYMENT_TARGET = 8.1;
				MTL_ENABLE_DEBUG_INFO = YES;
				ONLY_ACTIVE_ARCH = YES;
				SDKROOT = iphoneos;
				SWIFT_OPTIMIZATION_LEVEL = "-Onone";
			};
			name = Debug;
		};
		5E0092F21A79A8CD008E0B0A /* Release */ = {
			isa = XCBuildConfiguration;
			buildSettings = {
				ALWAYS_SEARCH_USER_PATHS = NO;
				CLANG_CXX_LANGUAGE_STANDARD = "gnu++0x";
				CLANG_CXX_LIBRARY = "libc++";
				CLANG_ENABLE_MODULES = YES;
				CLANG_ENABLE_OBJC_ARC = YES;
				CLANG_WARN_BOOL_CONVERSION = YES;
				CLANG_WARN_CONSTANT_CONVERSION = YES;
				CLANG_WARN_DIRECT_OBJC_ISA_USAGE = YES_ERROR;
				CLANG_WARN_EMPTY_BODY = YES;
				CLANG_WARN_ENUM_CONVERSION = YES;
				CLANG_WARN_INT_CONVERSION = YES;
				CLANG_WARN_OBJC_ROOT_CLASS = YES_ERROR;
				CLANG_WARN_UNREACHABLE_CODE = YES;
				CLANG_WARN__DUPLICATE_METHOD_MATCH = YES;
				"CODE_SIGN_IDENTITY[sdk=iphoneos*]" = "iPhone Developer";
				COPY_PHASE_STRIP = YES;
				ENABLE_NS_ASSERTIONS = NO;
				ENABLE_STRICT_OBJC_MSGSEND = YES;
				GCC_C_LANGUAGE_STANDARD = gnu99;
				GCC_WARN_64_TO_32_BIT_CONVERSION = YES;
				GCC_WARN_ABOUT_RETURN_TYPE = YES_ERROR;
				GCC_WARN_UNDECLARED_SELECTOR = YES;
				GCC_WARN_UNINITIALIZED_AUTOS = YES_AGGRESSIVE;
				GCC_WARN_UNUSED_FUNCTION = YES;
				GCC_WARN_UNUSED_VARIABLE = YES;
				IPHONEOS_DEPLOYMENT_TARGET = 8.1;
				MTL_ENABLE_DEBUG_INFO = NO;
				SDKROOT = iphoneos;
				VALIDATE_PRODUCT = YES;
			};
			name = Release;
		};
		5E0092F41A79A8CD008E0B0A /* Debug */ = {
			isa = XCBuildConfiguration;
			buildSettings = {
				ASSETCATALOG_COMPILER_APPICON_NAME = AppIcon;
				INFOPLIST_FILE = Calculator/Info.plist;
				LD_RUNPATH_SEARCH_PATHS = "$(inherited) @executable_path/Frameworks";
				PRODUCT_NAME = "$(TARGET_NAME)";
			};
			name = Debug;
		};
		5E0092F51A79A8CD008E0B0A /* Release */ = {
			isa = XCBuildConfiguration;
			buildSettings = {
				ASSETCATALOG_COMPILER_APPICON_NAME = AppIcon;
				INFOPLIST_FILE = Calculator/Info.plist;
				LD_RUNPATH_SEARCH_PATHS = "$(inherited) @executable_path/Frameworks";
				PRODUCT_NAME = "$(TARGET_NAME)";
			};
			name = Release;
		};
		5E0092F71A79A8CD008E0B0A /* Debug */ = {
			isa = XCBuildConfiguration;
			buildSettings = {
				BUNDLE_LOADER = "$(TEST_HOST)";
				FRAMEWORK_SEARCH_PATHS = (
					"$(SDKROOT)/Developer/Library/Frameworks",
					"$(inherited)",
				);
				GCC_PREPROCESSOR_DEFINITIONS = (
					"DEBUG=1",
					"$(inherited)",
				);
				INFOPLIST_FILE = CalculatorTests/Info.plist;
				LD_RUNPATH_SEARCH_PATHS = "$(inherited) @executable_path/Frameworks @loader_path/Frameworks";
				PRODUCT_NAME = "$(TARGET_NAME)";
				TEST_HOST = "$(BUILT_PRODUCTS_DIR)/Calculator.app/Calculator";
			};
			name = Debug;
		};
		5E0092F81A79A8CD008E0B0A /* Release */ = {
			isa = XCBuildConfiguration;
			buildSettings = {
				BUNDLE_LOADER = "$(TEST_HOST)";
				FRAMEWORK_SEARCH_PATHS = (
					"$(SDKROOT)/Developer/Library/Frameworks",
					"$(inherited)",
				);
				INFOPLIST_FILE = CalculatorTests/Info.plist;
				LD_RUNPATH_SEARCH_PATHS = "$(inherited) @executable_path/Frameworks @loader_path/Frameworks";
				PRODUCT_NAME = "$(TARGET_NAME)";
				TEST_HOST = "$(BUILT_PRODUCTS_DIR)/Calculator.app/Calculator";
			};
			name = Release;
		};
/* End XCBuildConfiguration section */

/* Begin XCConfigurationList section */
		5E0092CF1A79A8CD008E0B0A /* Build configuration list for PBXProject "Calculator" */ = {
			isa = XCConfigurationList;
			buildConfigurations = (
				5E0092F11A79A8CD008E0B0A /* Debug */,
				5E0092F21A79A8CD008E0B0A /* Release */,
			);
			defaultConfigurationIsVisible = 0;
			defaultConfigurationName = Release;
		};
		5E0092F31A79A8CD008E0B0A /* Build configuration list for PBXNativeTarget "Calculator" */ = {
			isa = XCConfigurationList;
			buildConfigurations = (
				5E0092F41A79A8CD008E0B0A /* Debug */,
				5E0092F51A79A8CD008E0B0A /* Release */,
			);
			defaultConfigurationIsVisible = 0;
		};
		5E0092F61A79A8CD008E0B0A /* Build configuration list for PBXNativeTarget "CalculatorTests" */ = {
			isa = XCConfigurationList;
			buildConfigurations = (
				5E0092F71A79A8CD008E0B0A /* Debug */,
				5E0092F81A79A8CD008E0B0A /* Release */,
			);
			defaultConfigurationIsVisible = 0;
		};
/* End XCConfigurationList section */
	};
	rootObject = 5E0092CC1A79A8CD008E0B0A /* Project object */;
}
