// !$*UTF8*$!
{
	archiveVersion = 1;
	classes = {
	};
	objectVersion = 46;
	objects = {

/* Begin PBXBuildFile section */
		5EDEC0D11A9E916A00F210C3 /* AppDelegate.swift in Sources */ = {isa = PBXBuildFile; fileRef = 5EDEC0D01A9E916A00F210C3 /* AppDelegate.swift */; };
		5EDEC0D31A9E916A00F210C3 /* ViewController.swift in Sources */ = {isa = PBXBuildFile; fileRef = 5EDEC0D21A9E916A00F210C3 /* ViewController.swift */; };
		5EDEC0D61A9E916A00F210C3 /* Main.storyboard in Resources */ = {isa = PBXBuildFile; fileRef = 5EDEC0D41A9E916A00F210C3 /* Main.storyboard */; };
		5EDEC0D81A9E916A00F210C3 /* Images.xcassets in Resources */ = {isa = PBXBuildFile; fileRef = 5EDEC0D71A9E916A00F210C3 /* Images.xcassets */; };
		5EDEC0DB1A9E916A00F210C3 /* LaunchScreen.xib in Resources */ = {isa = PBXBuildFile; fileRef = 5EDEC0D91A9E916A00F210C3 /* LaunchScreen.xib */; };
		5EDEC0E71A9E916A00F210C3 /* UIScrollViewTutorialTests.swift in Sources */ = {isa = PBXBuildFile; fileRef = 5EDEC0E61A9E916A00F210C3 /* UIScrollViewTutorialTests.swift */; };
/* End PBXBuildFile section */

/* Begin PBXContainerItemProxy section */
		5EDEC0E11A9E916A00F210C3 /* PBXContainerItemProxy */ = {
			isa = PBXContainerItemProxy;
			containerPortal = 5EDEC0C31A9E916A00F210C3 /* Project object */;
			proxyType = 1;
			remoteGlobalIDString = 5EDEC0CA1A9E916A00F210C3;
			remoteInfo = UIScrollViewTutorial;
		};
/* End PBXContainerItemProxy section */

/* Begin PBXFileReference section */
		5EDEC0CB1A9E916A00F210C3 /* UIScrollViewTutorial.app */ = {isa = PBXFileReference; explicitFileType = wrapper.application; includeInIndex = 0; path = UIScrollViewTutorial.app; sourceTree = BUILT_PRODUCTS_DIR; };
		5EDEC0CF1A9E916A00F210C3 /* Info.plist */ = {isa = PBXFileReference; lastKnownFileType = text.plist.xml; path = Info.plist; sourceTree = "<group>"; };
		5EDEC0D01A9E916A00F210C3 /* AppDelegate.swift */ = {isa = PBXFileReference; lastKnownFileType = sourcecode.swift; path = AppDelegate.swift; sourceTree = "<group>"; };
		5EDEC0D21A9E916A00F210C3 /* ViewController.swift */ = {isa = PBXFileReference; lastKnownFileType = sourcecode.swift; path = ViewController.swift; sourceTree = "<group>"; };
		5EDEC0D51A9E916A00F210C3 /* Base */ = {isa = PBXFileReference; lastKnownFileType = file.storyboard; name = Base; path = Base.lproj/Main.storyboard; sourceTree = "<group>"; };
		5EDEC0D71A9E916A00F210C3 /* Images.xcassets */ = {isa = PBXFileReference; lastKnownFileType = folder.assetcatalog; path = Images.xcassets; sourceTree = "<group>"; };
		5EDEC0DA1A9E916A00F210C3 /* Base */ = {isa = PBXFileReference; lastKnownFileType = file.xib; name = Base; path = Base.lproj/LaunchScreen.xib; sourceTree = "<group>"; };
		5EDEC0E01A9E916A00F210C3 /* UIScrollViewTutorialTests.xctest */ = {isa = PBXFileReference; explicitFileType = wrapper.cfbundle; includeInIndex = 0; path = UIScrollViewTutorialTests.xctest; sourceTree = BUILT_PRODUCTS_DIR; };
		5EDEC0E51A9E916A00F210C3 /* Info.plist */ = {isa = PBXFileReference; lastKnownFileType = text.plist.xml; path = Info.plist; sourceTree = "<group>"; };
		5EDEC0E61A9E916A00F210C3 /* UIScrollViewTutorialTests.swift */ = {isa = PBXFileReference; lastKnownFileType = sourcecode.swift; path = UIScrollViewTutorialTests.swift; sourceTree = "<group>"; };
/* End PBXFileReference section */

/* Begin PBXFrameworksBuildPhase section */
		5EDEC0C81A9E916A00F210C3 /* Frameworks */ = {
			isa = PBXFrameworksBuildPhase;
			buildActionMask = 2147483647;
			files = (
			);
			runOnlyForDeploymentPostprocessing = 0;
		};
		5EDEC0DD1A9E916A00F210C3 /* Frameworks */ = {
			isa = PBXFrameworksBuildPhase;
			buildActionMask = 2147483647;
			files = (
			);
			runOnlyForDeploymentPostprocessing = 0;
		};
/* End PBXFrameworksBuildPhase section */

/* Begin PBXGroup section */
		5EDEC0C21A9E916A00F210C3 = {
			isa = PBXGroup;
			children = (
				5EDEC0CD1A9E916A00F210C3 /* UIScrollViewTutorial */,
				5EDEC0E31A9E916A00F210C3 /* UIScrollViewTutorialTests */,
				5EDEC0CC1A9E916A00F210C3 /* Products */,
			);
			sourceTree = "<group>";
		};
		5EDEC0CC1A9E916A00F210C3 /* Products */ = {
			isa = PBXGroup;
			children = (
				5EDEC0CB1A9E916A00F210C3 /* UIScrollViewTutorial.app */,
				5EDEC0E01A9E916A00F210C3 /* UIScrollViewTutorialTests.xctest */,
			);
			name = Products;
			sourceTree = "<group>";
		};
		5EDEC0CD1A9E916A00F210C3 /* UIScrollViewTutorial */ = {
			isa = PBXGroup;
			children = (
				5EDEC0D01A9E916A00F210C3 /* AppDelegate.swift */,
				5EDEC0D21A9E916A00F210C3 /* ViewController.swift */,
				5EDEC0D41A9E916A00F210C3 /* Main.storyboard */,
				5EDEC0D71A9E916A00F210C3 /* Images.xcassets */,
				5EDEC0D91A9E916A00F210C3 /* LaunchScreen.xib */,
				5EDEC0CE1A9E916A00F210C3 /* Supporting Files */,
			);
			path = UIScrollViewTutorial;
			sourceTree = "<group>";
		};
		5EDEC0CE1A9E916A00F210C3 /* Supporting Files */ = {
			isa = PBXGroup;
			children = (
				5EDEC0CF1A9E916A00F210C3 /* Info.plist */,
			);
			name = "Supporting Files";
			sourceTree = "<group>";
		};
		5EDEC0E31A9E916A00F210C3 /* UIScrollViewTutorialTests */ = {
			isa = PBXGroup;
			children = (
				5EDEC0E61A9E916A00F210C3 /* UIScrollViewTutorialTests.swift */,
				5EDEC0E41A9E916A00F210C3 /* Supporting Files */,
			);
			path = UIScrollViewTutorialTests;
			sourceTree = "<group>";
		};
		5EDEC0E41A9E916A00F210C3 /* Supporting Files */ = {
			isa = PBXGroup;
			children = (
				5EDEC0E51A9E916A00F210C3 /* Info.plist */,
			);
			name = "Supporting Files";
			sourceTree = "<group>";
		};
/* End PBXGroup section */

/* Begin PBXNativeTarget section */
		5EDEC0CA1A9E916A00F210C3 /* UIScrollViewTutorial */ = {
			isa = PBXNativeTarget;
			buildConfigurationList = 5EDEC0EA1A9E916A00F210C3 /* Build configuration list for PBXNativeTarget "UIScrollViewTutorial" */;
			buildPhases = (
				5EDEC0C71A9E916A00F210C3 /* Sources */,
				5EDEC0C81A9E916A00F210C3 /* Frameworks */,
				5EDEC0C91A9E916A00F210C3 /* Resources */,
			);
			buildRules = (
			);
			dependencies = (
			);
			name = UIScrollViewTutorial;
			productName = UIScrollViewTutorial;
			productReference = 5EDEC0CB1A9E916A00F210C3 /* UIScrollViewTutorial.app */;
			productType = "com.apple.product-type.application";
		};
		5EDEC0DF1A9E916A00F210C3 /* UIScrollViewTutorialTests */ = {
			isa = PBXNativeTarget;
			buildConfigurationList = 5EDEC0ED1A9E916A00F210C3 /* Build configuration list for PBXNativeTarget "UIScrollViewTutorialTests" */;
			buildPhases = (
				5EDEC0DC1A9E916A00F210C3 /* Sources */,
				5EDEC0DD1A9E916A00F210C3 /* Frameworks */,
				5EDEC0DE1A9E916A00F210C3 /* Resources */,
			);
			buildRules = (
			);
			dependencies = (
				5EDEC0E21A9E916A00F210C3 /* PBXTargetDependency */,
			);
			name = UIScrollViewTutorialTests;
			productName = UIScrollViewTutorialTests;
			productReference = 5EDEC0E01A9E916A00F210C3 /* UIScrollViewTutorialTests.xctest */;
			productType = "com.apple.product-type.bundle.unit-test";
		};
/* End PBXNativeTarget section */

/* Begin PBXProject section */
		5EDEC0C31A9E916A00F210C3 /* Project object */ = {
			isa = PBXProject;
			attributes = {
				LastUpgradeCheck = 0610;
				ORGANIZATIONNAME = "Purdue iOS Dev Club";
				TargetAttributes = {
					5EDEC0CA1A9E916A00F210C3 = {
						CreatedOnToolsVersion = 6.1.1;
					};
					5EDEC0DF1A9E916A00F210C3 = {
						CreatedOnToolsVersion = 6.1.1;
						TestTargetID = 5EDEC0CA1A9E916A00F210C3;
					};
				};
			};
			buildConfigurationList = 5EDEC0C61A9E916A00F210C3 /* Build configuration list for PBXProject "UIScrollViewTutorial" */;
			compatibilityVersion = "Xcode 3.2";
			developmentRegion = English;
			hasScannedForEncodings = 0;
			knownRegions = (
				en,
				Base,
			);
			mainGroup = 5EDEC0C21A9E916A00F210C3;
			productRefGroup = 5EDEC0CC1A9E916A00F210C3 /* Products */;
			projectDirPath = "";
			projectRoot = "";
			targets = (
				5EDEC0CA1A9E916A00F210C3 /* UIScrollViewTutorial */,
				5EDEC0DF1A9E916A00F210C3 /* UIScrollViewTutorialTests */,
			);
		};
/* End PBXProject section */

/* Begin PBXResourcesBuildPhase section */
		5EDEC0C91A9E916A00F210C3 /* Resources */ = {
			isa = PBXResourcesBuildPhase;
			buildActionMask = 2147483647;
			files = (
				5EDEC0D61A9E916A00F210C3 /* Main.storyboard in Resources */,
				5EDEC0DB1A9E916A00F210C3 /* LaunchScreen.xib in Resources */,
				5EDEC0D81A9E916A00F210C3 /* Images.xcassets in Resources */,
			);
			runOnlyForDeploymentPostprocessing = 0;
		};
		5EDEC0DE1A9E916A00F210C3 /* Resources */ = {
			isa = PBXResourcesBuildPhase;
			buildActionMask = 2147483647;
			files = (
			);
			runOnlyForDeploymentPostprocessing = 0;
		};
/* End PBXResourcesBuildPhase section */

/* Begin PBXSourcesBuildPhase section */
		5EDEC0C71A9E916A00F210C3 /* Sources */ = {
			isa = PBXSourcesBuildPhase;
			buildActionMask = 2147483647;
			files = (
				5EDEC0D31A9E916A00F210C3 /* ViewController.swift in Sources */,
				5EDEC0D11A9E916A00F210C3 /* AppDelegate.swift in Sources */,
			);
			runOnlyForDeploymentPostprocessing = 0;
		};
		5EDEC0DC1A9E916A00F210C3 /* Sources */ = {
			isa = PBXSourcesBuildPhase;
			buildActionMask = 2147483647;
			files = (
				5EDEC0E71A9E916A00F210C3 /* UIScrollViewTutorialTests.swift in Sources */,
			);
			runOnlyForDeploymentPostprocessing = 0;
		};
/* End PBXSourcesBuildPhase section */

/* Begin PBXTargetDependency section */
		5EDEC0E21A9E916A00F210C3 /* PBXTargetDependency */ = {
			isa = PBXTargetDependency;
			target = 5EDEC0CA1A9E916A00F210C3 /* UIScrollViewTutorial */;
			targetProxy = 5EDEC0E11A9E916A00F210C3 /* PBXContainerItemProxy */;
		};
/* End PBXTargetDependency section */

/* Begin PBXVariantGroup section */
		5EDEC0D41A9E916A00F210C3 /* Main.storyboard */ = {
			isa = PBXVariantGroup;
			children = (
				5EDEC0D51A9E916A00F210C3 /* Base */,
			);
			name = Main.storyboard;
			sourceTree = "<group>";
		};
		5EDEC0D91A9E916A00F210C3 /* LaunchScreen.xib */ = {
			isa = PBXVariantGroup;
			children = (
				5EDEC0DA1A9E916A00F210C3 /* Base */,
			);
			name = LaunchScreen.xib;
			sourceTree = "<group>";
		};
/* End PBXVariantGroup section */

/* Begin XCBuildConfiguration section */
		5EDEC0E81A9E916A00F210C3 /* Debug */ = {
			isa = XCBuildConfiguration;
			buildSettings = {
				ALWAYS_SEARCH_USER_PATHS = NO;
				CLANG_CXX_LANGUAGE_STANDARD = "gnu++0x";
				CLANG_CXX_LIBRARY = "libc++";
				CLANG_ENABLE_MODULES = YES;
				CLANG_ENABLE_OBJC_ARC = YES;
				CLANG_WARN_BOOL_CONVERSION = YES;
				CLANG_WARN_CONSTANT_CONVERSION = YES;
				CLANG_WARN_DIRECT_OBJC_ISA_USAGE = YES_ERROR;
				CLANG_WARN_EMPTY_BODY = YES;
				CLANG_WARN_ENUM_CONVERSION = YES;
				CLANG_WARN_INT_CONVERSION = YES;
				CLANG_WARN_OBJC_ROOT_CLASS = YES_ERROR;
				CLANG_WARN_UNREACHABLE_CODE = YES;
				CLANG_WARN__DUPLICATE_METHOD_MATCH = YES;
				"CODE_SIGN_IDENTITY[sdk=iphoneos*]" = "iPhone Developer";
				COPY_PHASE_STRIP = NO;
				ENABLE_STRICT_OBJC_MSGSEND = YES;
				GCC_C_LANGUAGE_STANDARD = gnu99;
				GCC_DYNAMIC_NO_PIC = NO;
				GCC_OPTIMIZATION_LEVEL = 0;
				GCC_PREPROCESSOR_DEFINITIONS = (
					"DEBUG=1",
					"$(inherited)",
				);
				GCC_SYMBOLS_PRIVATE_EXTERN = NO;
				GCC_WARN_64_TO_32_BIT_CONVERSION = YES;
				GCC_WARN_ABOUT_RETURN_TYPE = YES_ERROR;
				GCC_WARN_UNDECLARED_SELECTOR = YES;
				GCC_WARN_UNINITIALIZED_AUTOS = YES_AGGRESSIVE;
				GCC_WARN_UNUSED_FUNCTION = YES;
				GCC_WARN_UNUSED_VARIABLE = YES;
				IPHONEOS_DEPLOYMENT_TARGET = 8.1;
				MTL_ENABLE_DEBUG_INFO = YES;
				ONLY_ACTIVE_ARCH = YES;
				SDKROOT = iphoneos;
				SWIFT_OPTIMIZATION_LEVEL = "-Onone";
			};
			name = Debug;
		};
		5EDEC0E91A9E916A00F210C3 /* Release */ = {
			isa = XCBuildConfiguration;
			buildSettings = {
				ALWAYS_SEARCH_USER_PATHS = NO;
				CLANG_CXX_LANGUAGE_STANDARD = "gnu++0x";
				CLANG_CXX_LIBRARY = "libc++";
				CLANG_ENABLE_MODULES = YES;
				CLANG_ENABLE_OBJC_ARC = YES;
				CLANG_WARN_BOOL_CONVERSION = YES;
				CLANG_WARN_CONSTANT_CONVERSION = YES;
				CLANG_WARN_DIRECT_OBJC_ISA_USAGE = YES_ERROR;
				CLANG_WARN_EMPTY_BODY = YES;
				CLANG_WARN_ENUM_CONVERSION = YES;
				CLANG_WARN_INT_CONVERSION = YES;
				CLANG_WARN_OBJC_ROOT_CLASS = YES_ERROR;
				CLANG_WARN_UNREACHABLE_CODE = YES;
				CLANG_WARN__DUPLICATE_METHOD_MATCH = YES;
				"CODE_SIGN_IDENTITY[sdk=iphoneos*]" = "iPhone Developer";
				COPY_PHASE_STRIP = YES;
				ENABLE_NS_ASSERTIONS = NO;
				ENABLE_STRICT_OBJC_MSGSEND = YES;
				GCC_C_LANGUAGE_STANDARD = gnu99;
				GCC_WARN_64_TO_32_BIT_CONVERSION = YES;
				GCC_WARN_ABOUT_RETURN_TYPE = YES_ERROR;
				GCC_WARN_UNDECLARED_SELECTOR = YES;
				GCC_WARN_UNINITIALIZED_AUTOS = YES_AGGRESSIVE;
				GCC_WARN_UNUSED_FUNCTION = YES;
				GCC_WARN_UNUSED_VARIABLE = YES;
				IPHONEOS_DEPLOYMENT_TARGET = 8.1;
				MTL_ENABLE_DEBUG_INFO = NO;
				SDKROOT = iphoneos;
				VALIDATE_PRODUCT = YES;
			};
			name = Release;
		};
		5EDEC0EB1A9E916A00F210C3 /* Debug */ = {
			isa = XCBuildConfiguration;
			buildSettings = {
				ASSETCATALOG_COMPILER_APPICON_NAME = AppIcon;
				INFOPLIST_FILE = UIScrollViewTutorial/Info.plist;
				LD_RUNPATH_SEARCH_PATHS = "$(inherited) @executable_path/Frameworks";
				PRODUCT_NAME = "$(TARGET_NAME)";
			};
			name = Debug;
		};
		5EDEC0EC1A9E916A00F210C3 /* Release */ = {
			isa = XCBuildConfiguration;
			buildSettings = {
				ASSETCATALOG_COMPILER_APPICON_NAME = AppIcon;
				INFOPLIST_FILE = UIScrollViewTutorial/Info.plist;
				LD_RUNPATH_SEARCH_PATHS = "$(inherited) @executable_path/Frameworks";
				PRODUCT_NAME = "$(TARGET_NAME)";
			};
			name = Release;
		};
		5EDEC0EE1A9E916A00F210C3 /* Debug */ = {
			isa = XCBuildConfiguration;
			buildSettings = {
				BUNDLE_LOADER = "$(TEST_HOST)";
				FRAMEWORK_SEARCH_PATHS = (
					"$(SDKROOT)/Developer/Library/Frameworks",
					"$(inherited)",
				);
				GCC_PREPROCESSOR_DEFINITIONS = (
					"DEBUG=1",
					"$(inherited)",
				);
				INFOPLIST_FILE = UIScrollViewTutorialTests/Info.plist;
				LD_RUNPATH_SEARCH_PATHS = "$(inherited) @executable_path/Frameworks @loader_path/Frameworks";
				PRODUCT_NAME = "$(TARGET_NAME)";
				TEST_HOST = "$(BUILT_PRODUCTS_DIR)/UIScrollViewTutorial.app/UIScrollViewTutorial";
			};
			name = Debug;
		};
		5EDEC0EF1A9E916A00F210C3 /* Release */ = {
			isa = XCBuildConfiguration;
			buildSettings = {
				BUNDLE_LOADER = "$(TEST_HOST)";
				FRAMEWORK_SEARCH_PATHS = (
					"$(SDKROOT)/Developer/Library/Frameworks",
					"$(inherited)",
				);
				INFOPLIST_FILE = UIScrollViewTutorialTests/Info.plist;
				LD_RUNPATH_SEARCH_PATHS = "$(inherited) @executable_path/Frameworks @loader_path/Frameworks";
				PRODUCT_NAME = "$(TARGET_NAME)";
				TEST_HOST = "$(BUILT_PRODUCTS_DIR)/UIScrollViewTutorial.app/UIScrollViewTutorial";
			};
			name = Release;
		};
/* End XCBuildConfiguration section */

/* Begin XCConfigurationList section */
		5EDEC0C61A9E916A00F210C3 /* Build configuration list for PBXProject "UIScrollViewTutorial" */ = {
			isa = XCConfigurationList;
			buildConfigurations = (
				5EDEC0E81A9E916A00F210C3 /* Debug */,
				5EDEC0E91A9E916A00F210C3 /* Release */,
			);
			defaultConfigurationIsVisible = 0;
			defaultConfigurationName = Release;
		};
		5EDEC0EA1A9E916A00F210C3 /* Build configuration list for PBXNativeTarget "UIScrollViewTutorial" */ = {
			isa = XCConfigurationList;
			buildConfigurations = (
				5EDEC0EB1A9E916A00F210C3 /* Debug */,
				5EDEC0EC1A9E916A00F210C3 /* Release */,
			);
			defaultConfigurationIsVisible = 0;
		};
		5EDEC0ED1A9E916A00F210C3 /* Build configuration list for PBXNativeTarget "UIScrollViewTutorialTests" */ = {
			isa = XCConfigurationList;
			buildConfigurations = (
				5EDEC0EE1A9E916A00F210C3 /* Debug */,
				5EDEC0EF1A9E916A00F210C3 /* Release */,
			);
			defaultConfigurationIsVisible = 0;
		};
/* End XCConfigurationList section */
	};
	rootObject = 5EDEC0C31A9E916A00F210C3 /* Project object */;
}
